
Microsoft Visual Studio Solution File, Format Version 12.00
# Visual Studio Version 17
VisualStudioVersion = 17.14.36203.30 d17.14
MinimumVisualStudioVersion = 10.0.40219.1
Project("{FAE04EC0-301F-11D3-BF4B-00C04F79EFBC}") = "adminpanel", "adminpanel\adminpanel.csproj", "{5B728045-BA91-418C-97AA-68E1F5F67E6B}"
EndProject
Global
	GlobalSection(SolutionConfigurationPlatforms) = preSolution
		Debug|Any CPU = Debug|Any CPU
		Release|Any CPU = Release|Any CPU
	EndGlobalSection
	GlobalSection(ProjectConfigurationPlatforms) = postSolution
		{5B728045-BA91-418C-97AA-68E1F5F67E6B}.Debug|Any CPU.ActiveCfg = Debug|Any CPU
		{5B728045-BA91-418C-97AA-68E1F5F67E6B}.Debug|Any CPU.Build.0 = Debug|Any CPU
		{5B728045-BA91-418C-97AA-68E1F5F67E6B}.Release|Any CPU.ActiveCfg = Release|Any CPU
		{5B728045-BA91-418C-97AA-68E1F5F67E6B}.Release|Any CPU.Build.0 = Release|Any CPU
	EndGlobalSection
	GlobalSection(SolutionProperties) = preSolution
		HideSolutionNode = FALSE
	EndGlobalSection
	GlobalSection(ExtensibilityGlobals) = postSolution
		SolutionGuid = {4E43BCD3-E02D-47F5-94F1-2F894E8C2AC0}
	EndGlobalSection
EndGlobal
